
Microsoft Visual Studio Solution File, Format Version 12.00
# Visual Studio 15
VisualStudioVersion = 15.0.28307.168
MinimumVisualStudioVersion = 10.0.40219.1
Project("{E24C65DC-7377-472B-9ABA-BC803B73C61A}") = "WCFPoc.Vnet472", "WCFPoc.Vnet472\", "{A6184B2B-672A-4B54-ADD5-14272026AED8}"
	ProjectSection(WebsiteProperties) = preProject
		TargetFrameworkMoniker = ".NETFramework,Version%3Dv4.7.2"
		Debug.AspNetCompiler.VirtualPath = "/localhost_50648"
		Debug.AspNetCompiler.PhysicalPath = "WCFPoc.Vnet472\"
		Debug.AspNetCompiler.TargetPath = "PrecompiledWeb\localhost_50648\"
		Debug.AspNetCompiler.Updateable = "true"
		Debug.AspNetCompiler.ForceOverwrite = "true"
		Debug.AspNetCompiler.FixedNames = "false"
		Debug.AspNetCompiler.Debug = "True"
		Release.AspNetCompiler.VirtualPath = "/localhost_50648"
		Release.AspNetCompiler.PhysicalPath = "WCFPoc.Vnet472\"
		Release.AspNetCompiler.TargetPath = "PrecompiledWeb\localhost_50648\"
		Release.AspNetCompiler.Updateable = "true"
		Release.AspNetCompiler.ForceOverwrite = "true"
		Release.AspNetCompiler.FixedNames = "false"
		Release.AspNetCompiler.Debug = "False"
		VWDPort = "50648"
		SlnRelativePath = "WCFPoc.Vnet472\"
		DefaultWebSiteLanguage = "Visual C#"
	EndProjectSection
EndProject
Project("{FAE04EC0-301F-11D3-BF4B-00C04F79EFBC}") = "WCFPoc.Client.ConsoleApp", "WCFPoc.Client.ConsoleApp\WCFPoc.Client.ConsoleApp.csproj", "{D1F531D1-BA71-4850-9299-2E84CCD6CD7F}"
	ProjectSection(ProjectDependencies) = postProject
		{A6184B2B-672A-4B54-ADD5-14272026AED8} = {A6184B2B-672A-4B54-ADD5-14272026AED8}
	EndProjectSection
EndProject
Global
	GlobalSection(SolutionConfigurationPlatforms) = preSolution
		Debug|Any CPU = Debug|Any CPU
		Release|Any CPU = Release|Any CPU
	EndGlobalSection
	GlobalSection(ProjectConfigurationPlatforms) = postSolution
		{A6184B2B-672A-4B54-ADD5-14272026AED8}.Debug|Any CPU.ActiveCfg = Debug|Any CPU
		{A6184B2B-672A-4B54-ADD5-14272026AED8}.Debug|Any CPU.Build.0 = Debug|Any CPU
		{A6184B2B-672A-4B54-ADD5-14272026AED8}.Release|Any CPU.ActiveCfg = Debug|Any CPU
		{A6184B2B-672A-4B54-ADD5-14272026AED8}.Release|Any CPU.Build.0 = Debug|Any CPU
		{D1F531D1-BA71-4850-9299-2E84CCD6CD7F}.Debug|Any CPU.ActiveCfg = Debug|Any CPU
		{D1F531D1-BA71-4850-9299-2E84CCD6CD7F}.Debug|Any CPU.Build.0 = Debug|Any CPU
		{D1F531D1-BA71-4850-9299-2E84CCD6CD7F}.Release|Any CPU.ActiveCfg = Release|Any CPU
		{D1F531D1-BA71-4850-9299-2E84CCD6CD7F}.Release|Any CPU.Build.0 = Release|Any CPU
	EndGlobalSection
	GlobalSection(SolutionProperties) = preSolution
		HideSolutionNode = FALSE
	EndGlobalSection
	GlobalSection(ExtensibilityGlobals) = postSolution
		SolutionGuid = {0280BF27-AB43-454A-A499-386C8263068C}
	EndGlobalSection
EndGlobal
